// !$*UTF8*$!
{
	archiveVersion = 1;
	classes = {
	};
	objectVersion = 46;
	objects = {

/* Begin PBXBuildFile section */
		1403F7361C61F4F5006E3D4F /* MisPiscinasVC.m in Sources */ = {isa = PBXBuildFile; fileRef = 1403F7351C61F4F5006E3D4F /* MisPiscinasVC.m */; };
		143EE2561C5FE65D00862A33 /* main.m in Sources */ = {isa = PBXBuildFile; fileRef = 143EE2551C5FE65D00862A33 /* main.m */; };
		143EE2591C5FE65D00862A33 /* AppDelegate.m in Sources */ = {isa = PBXBuildFile; fileRef = 143EE2581C5FE65D00862A33 /* AppDelegate.m */; };
		143EE25C1C5FE65D00862A33 /* ViewController.m in Sources */ = {isa = PBXBuildFile; fileRef = 143EE25B1C5FE65D00862A33 /* ViewController.m */; };
		143EE25F1C5FE65D00862A33 /* Main.storyboard in Resources */ = {isa = PBXBuildFile; fileRef = 143EE25D1C5FE65D00862A33 /* Main.storyboard */; };
		143EE2621C5FE65D00862A33 /* Spin.xcdatamodeld in Sources */ = {isa = PBXBuildFile; fileRef = 143EE2601C5FE65D00862A33 /* Spin.xcdatamodeld */; };
		143EE2641C5FE65D00862A33 /* Assets.xcassets in Resources */ = {isa = PBXBuildFile; fileRef = 143EE2631C5FE65D00862A33 /* Assets.xcassets */; };
		143EE2671C5FE65D00862A33 /* LaunchScreen.storyboard in Resources */ = {isa = PBXBuildFile; fileRef = 143EE2651C5FE65D00862A33 /* LaunchScreen.storyboard */; };
		143EE2721C5FE65E00862A33 /* SpinTests.m in Sources */ = {isa = PBXBuildFile; fileRef = 143EE2711C5FE65E00862A33 /* SpinTests.m */; };
		143EE27D1C5FE65E00862A33 /* SpinUITests.m in Sources */ = {isa = PBXBuildFile; fileRef = 143EE27C1C5FE65E00862A33 /* SpinUITests.m */; };
		143EE28C1C5FE9B500862A33 /* SWRevealViewController.m in Sources */ = {isa = PBXBuildFile; fileRef = 143EE28B1C5FE9B500862A33 /* SWRevealViewController.m */; };
		143EE2921C5FEF2A00862A33 /* MisPiscinasTVC.m in Sources */ = {isa = PBXBuildFile; fileRef = 143EE2911C5FEF2A00862A33 /* MisPiscinasTVC.m */; };
		143EE2951C5FF04C00862A33 /* MenuTVC.m in Sources */ = {isa = PBXBuildFile; fileRef = 143EE2941C5FF04C00862A33 /* MenuTVC.m */; };
		143EE2981C5FF63B00862A33 /* ConceptosTVC.m in Sources */ = {isa = PBXBuildFile; fileRef = 143EE2971C5FF63B00862A33 /* ConceptosTVC.m */; };
		143EE29B1C5FF65900862A33 /* DetailView.m in Sources */ = {isa = PBXBuildFile; fileRef = 143EE29A1C5FF65900862A33 /* DetailView.m */; };
		143EE2A01C5FFFE300862A33 /* AnalisisViewController.m in Sources */ = {isa = PBXBuildFile; fileRef = 143EE29F1C5FFFE300862A33 /* AnalisisViewController.m */; };
		143EE2A31C6000C900862A33 /* DondeComprarViewController.m in Sources */ = {isa = PBXBuildFile; fileRef = 143EE2A21C6000C900862A33 /* DondeComprarViewController.m */; };
/* End PBXBuildFile section */

/* Begin PBXContainerItemProxy section */
		143EE26E1C5FE65E00862A33 /* PBXContainerItemProxy */ = {
			isa = PBXContainerItemProxy;
			containerPortal = 143EE2491C5FE65D00862A33 /* Project object */;
			proxyType = 1;
			remoteGlobalIDString = 143EE2501C5FE65D00862A33;
			remoteInfo = Spin;
		};
		143EE2791C5FE65E00862A33 /* PBXContainerItemProxy */ = {
			isa = PBXContainerItemProxy;
			containerPortal = 143EE2491C5FE65D00862A33 /* Project object */;
			proxyType = 1;
			remoteGlobalIDString = 143EE2501C5FE65D00862A33;
			remoteInfo = Spin;
		};
/* End PBXContainerItemProxy section */

/* Begin PBXFileReference section */
		1403F7341C61F4F5006E3D4F /* MisPiscinasVC.h */ = {isa = PBXFileReference; fileEncoding = 4; lastKnownFileType = sourcecode.c.h; path = MisPiscinasVC.h; sourceTree = "<group>"; };
		1403F7351C61F4F5006E3D4F /* MisPiscinasVC.m */ = {isa = PBXFileReference; fileEncoding = 4; lastKnownFileType = sourcecode.c.objc; path = MisPiscinasVC.m; sourceTree = "<group>"; };
		143EE2511C5FE65D00862A33 /* Spin.app */ = {isa = PBXFileReference; explicitFileType = wrapper.application; includeInIndex = 0; path = Spin.app; sourceTree = BUILT_PRODUCTS_DIR; };
		143EE2551C5FE65D00862A33 /* main.m */ = {isa = PBXFileReference; lastKnownFileType = sourcecode.c.objc; path = main.m; sourceTree = "<group>"; };
		143EE2571C5FE65D00862A33 /* AppDelegate.h */ = {isa = PBXFileReference; lastKnownFileType = sourcecode.c.h; path = AppDelegate.h; sourceTree = "<group>"; };
		143EE2581C5FE65D00862A33 /* AppDelegate.m */ = {isa = PBXFileReference; lastKnownFileType = sourcecode.c.objc; path = AppDelegate.m; sourceTree = "<group>"; };
		143EE25A1C5FE65D00862A33 /* ViewController.h */ = {isa = PBXFileReference; lastKnownFileType = sourcecode.c.h; path = ViewController.h; sourceTree = "<group>"; };
		143EE25B1C5FE65D00862A33 /* ViewController.m */ = {isa = PBXFileReference; lastKnownFileType = sourcecode.c.objc; path = ViewController.m; sourceTree = "<group>"; };
		143EE25E1C5FE65D00862A33 /* Base */ = {isa = PBXFileReference; lastKnownFileType = file.storyboard; name = Base; path = Base.lproj/Main.storyboard; sourceTree = "<group>"; };
		143EE2611C5FE65D00862A33 /* Spin.xcdatamodel */ = {isa = PBXFileReference; lastKnownFileType = wrapper.xcdatamodel; path = Spin.xcdatamodel; sourceTree = "<group>"; };
		143EE2631C5FE65D00862A33 /* Assets.xcassets */ = {isa = PBXFileReference; lastKnownFileType = folder.assetcatalog; path = Assets.xcassets; sourceTree = "<group>"; };
		143EE2661C5FE65D00862A33 /* Base */ = {isa = PBXFileReference; lastKnownFileType = file.storyboard; name = Base; path = Base.lproj/LaunchScreen.storyboard; sourceTree = "<group>"; };
		143EE2681C5FE65D00862A33 /* Info.plist */ = {isa = PBXFileReference; lastKnownFileType = text.plist.xml; path = Info.plist; sourceTree = "<group>"; };
		143EE26D1C5FE65E00862A33 /* SpinTests.xctest */ = {isa = PBXFileReference; explicitFileType = wrapper.cfbundle; includeInIndex = 0; path = SpinTests.xctest; sourceTree = BUILT_PRODUCTS_DIR; };
		143EE2711C5FE65E00862A33 /* SpinTests.m */ = {isa = PBXFileReference; lastKnownFileType = sourcecode.c.objc; path = SpinTests.m; sourceTree = "<group>"; };
		143EE2731C5FE65E00862A33 /* Info.plist */ = {isa = PBXFileReference; lastKnownFileType = text.plist.xml; path = Info.plist; sourceTree = "<group>"; };
		143EE2781C5FE65E00862A33 /* SpinUITests.xctest */ = {isa = PBXFileReference; explicitFileType = wrapper.cfbundle; includeInIndex = 0; path = SpinUITests.xctest; sourceTree = BUILT_PRODUCTS_DIR; };
		143EE27C1C5FE65E00862A33 /* SpinUITests.m */ = {isa = PBXFileReference; lastKnownFileType = sourcecode.c.objc; path = SpinUITests.m; sourceTree = "<group>"; };
		143EE27E1C5FE65E00862A33 /* Info.plist */ = {isa = PBXFileReference; lastKnownFileType = text.plist.xml; path = Info.plist; sourceTree = "<group>"; };
		143EE28A1C5FE9B500862A33 /* SWRevealViewController.h */ = {isa = PBXFileReference; fileEncoding = 4; lastKnownFileType = sourcecode.c.h; path = SWRevealViewController.h; sourceTree = "<group>"; };
		143EE28B1C5FE9B500862A33 /* SWRevealViewController.m */ = {isa = PBXFileReference; fileEncoding = 4; lastKnownFileType = sourcecode.c.objc; path = SWRevealViewController.m; sourceTree = "<group>"; };
		143EE2901C5FEF2A00862A33 /* MisPiscinasTVC.h */ = {isa = PBXFileReference; fileEncoding = 4; lastKnownFileType = sourcecode.c.h; path = MisPiscinasTVC.h; sourceTree = "<group>"; };
		143EE2911C5FEF2A00862A33 /* MisPiscinasTVC.m */ = {isa = PBXFileReference; fileEncoding = 4; lastKnownFileType = sourcecode.c.objc; path = MisPiscinasTVC.m; sourceTree = "<group>"; };
		143EE2931C5FF04C00862A33 /* MenuTVC.h */ = {isa = PBXFileReference; fileEncoding = 4; lastKnownFileType = sourcecode.c.h; path = MenuTVC.h; sourceTree = "<group>"; };
		143EE2941C5FF04C00862A33 /* MenuTVC.m */ = {isa = PBXFileReference; fileEncoding = 4; lastKnownFileType = sourcecode.c.objc; path = MenuTVC.m; sourceTree = "<group>"; };
		143EE2961C5FF63B00862A33 /* ConceptosTVC.h */ = {isa = PBXFileReference; fileEncoding = 4; lastKnownFileType = sourcecode.c.h; path = ConceptosTVC.h; sourceTree = "<group>"; };
		143EE2971C5FF63B00862A33 /* ConceptosTVC.m */ = {isa = PBXFileReference; fileEncoding = 4; lastKnownFileType = sourcecode.c.objc; path = ConceptosTVC.m; sourceTree = "<group>"; };
		143EE2991C5FF65900862A33 /* DetailView.h */ = {isa = PBXFileReference; fileEncoding = 4; lastKnownFileType = sourcecode.c.h; path = DetailView.h; sourceTree = "<group>"; };
		143EE29A1C5FF65900862A33 /* DetailView.m */ = {isa = PBXFileReference; fileEncoding = 4; lastKnownFileType = sourcecode.c.objc; path = DetailView.m; sourceTree = "<group>"; };
		143EE29E1C5FFFE300862A33 /* AnalisisViewController.h */ = {isa = PBXFileReference; fileEncoding = 4; lastKnownFileType = sourcecode.c.h; path = AnalisisViewController.h; sourceTree = "<group>"; };
		143EE29F1C5FFFE300862A33 /* AnalisisViewController.m */ = {isa = PBXFileReference; fileEncoding = 4; lastKnownFileType = sourcecode.c.objc; path = AnalisisViewController.m; sourceTree = "<group>"; };
		143EE2A11C6000C900862A33 /* DondeComprarViewController.h */ = {isa = PBXFileReference; fileEncoding = 4; lastKnownFileType = sourcecode.c.h; path = DondeComprarViewController.h; sourceTree = "<group>"; };
		143EE2A21C6000C900862A33 /* DondeComprarViewController.m */ = {isa = PBXFileReference; fileEncoding = 4; lastKnownFileType = sourcecode.c.objc; path = DondeComprarViewController.m; sourceTree = "<group>"; };
/* End PBXFileReference section */

/* Begin PBXFrameworksBuildPhase section */
		143EE24E1C5FE65D00862A33 /* Frameworks */ = {
			isa = PBXFrameworksBuildPhase;
			buildActionMask = 2147483647;
			files = (
			);
			runOnlyForDeploymentPostprocessing = 0;
		};
		143EE26A1C5FE65E00862A33 /* Frameworks */ = {
			isa = PBXFrameworksBuildPhase;
			buildActionMask = 2147483647;
			files = (
			);
			runOnlyForDeploymentPostprocessing = 0;
		};
		143EE2751C5FE65E00862A33 /* Frameworks */ = {
			isa = PBXFrameworksBuildPhase;
			buildActionMask = 2147483647;
			files = (
			);
			runOnlyForDeploymentPostprocessing = 0;
		};
/* End PBXFrameworksBuildPhase section */

/* Begin PBXGroup section */
		143EE2481C5FE65D00862A33 = {
			isa = PBXGroup;
			children = (
				143EE2531C5FE65D00862A33 /* Spin */,
				143EE2701C5FE65E00862A33 /* SpinTests */,
				143EE27B1C5FE65E00862A33 /* SpinUITests */,
				143EE2521C5FE65D00862A33 /* Products */,
			);
			sourceTree = "<group>";
		};
		143EE2521C5FE65D00862A33 /* Products */ = {
			isa = PBXGroup;
			children = (
				143EE2511C5FE65D00862A33 /* Spin.app */,
				143EE26D1C5FE65E00862A33 /* SpinTests.xctest */,
				143EE2781C5FE65E00862A33 /* SpinUITests.xctest */,
			);
			name = Products;
			sourceTree = "<group>";
		};
		143EE2531C5FE65D00862A33 /* Spin */ = {
			isa = PBXGroup;
			children = (
				143EE29D1C5FF66900862A33 /* Menu Lateral */,
				143EE2571C5FE65D00862A33 /* AppDelegate.h */,
				143EE2581C5FE65D00862A33 /* AppDelegate.m */,
				143EE25A1C5FE65D00862A33 /* ViewController.h */,
				143EE25B1C5FE65D00862A33 /* ViewController.m */,
				143EE25D1C5FE65D00862A33 /* Main.storyboard */,
				143EE2A41C60016800862A33 /* Mis Piscinas */,
				143EE2A51C60016E00862A33 /* Donde Comprar */,
				143EE2A61C60017400862A33 /* Analisis */,
				143EE29C1C5FF65F00862A33 /* Conceptos */,
				143EE2631C5FE65D00862A33 /* Assets.xcassets */,
				143EE2651C5FE65D00862A33 /* LaunchScreen.storyboard */,
				143EE2681C5FE65D00862A33 /* Info.plist */,
				143EE2601C5FE65D00862A33 /* Spin.xcdatamodeld */,
				143EE2541C5FE65D00862A33 /* Supporting Files */,
			);
			path = Spin;
			sourceTree = "<group>";
		};
		143EE2541C5FE65D00862A33 /* Supporting Files */ = {
			isa = PBXGroup;
			children = (
				143EE2551C5FE65D00862A33 /* main.m */,
			);
			name = "Supporting Files";
			sourceTree = "<group>";
		};
		143EE2701C5FE65E00862A33 /* SpinTests */ = {
			isa = PBXGroup;
			children = (
				143EE2711C5FE65E00862A33 /* SpinTests.m */,
				143EE2731C5FE65E00862A33 /* Info.plist */,
			);
			path = SpinTests;
			sourceTree = "<group>";
		};
		143EE27B1C5FE65E00862A33 /* SpinUITests */ = {
			isa = PBXGroup;
			children = (
				143EE27C1C5FE65E00862A33 /* SpinUITests.m */,
				143EE27E1C5FE65E00862A33 /* Info.plist */,
			);
			path = SpinUITests;
			sourceTree = "<group>";
		};
		143EE29C1C5FF65F00862A33 /* Conceptos */ = {
			isa = PBXGroup;
			children = (
				143EE2961C5FF63B00862A33 /* ConceptosTVC.h */,
				143EE2971C5FF63B00862A33 /* ConceptosTVC.m */,
				143EE2991C5FF65900862A33 /* DetailView.h */,
				143EE29A1C5FF65900862A33 /* DetailView.m */,
			);
			name = Conceptos;
			sourceTree = "<group>";
		};
		143EE29D1C5FF66900862A33 /* Menu Lateral */ = {
			isa = PBXGroup;
			children = (
				143EE28A1C5FE9B500862A33 /* SWRevealViewController.h */,
				143EE28B1C5FE9B500862A33 /* SWRevealViewController.m */,
				143EE2931C5FF04C00862A33 /* MenuTVC.h */,
				143EE2941C5FF04C00862A33 /* MenuTVC.m */,
			);
			name = "Menu Lateral";
			sourceTree = "<group>";
		};
		143EE2A41C60016800862A33 /* Mis Piscinas */ = {
			isa = PBXGroup;
			children = (
				143EE2901C5FEF2A00862A33 /* MisPiscinasTVC.h */,
				143EE2911C5FEF2A00862A33 /* MisPiscinasTVC.m */,
				1403F7341C61F4F5006E3D4F /* MisPiscinasVC.h */,
				1403F7351C61F4F5006E3D4F /* MisPiscinasVC.m */,
			);
			name = "Mis Piscinas";
			sourceTree = "<group>";
		};
		143EE2A51C60016E00862A33 /* Donde Comprar */ = {
			isa = PBXGroup;
			children = (
				143EE2A11C6000C900862A33 /* DondeComprarViewController.h */,
				143EE2A21C6000C900862A33 /* DondeComprarViewController.m */,
			);
			name = "Donde Comprar";
			sourceTree = "<group>";
		};
		143EE2A61C60017400862A33 /* Analisis */ = {
			isa = PBXGroup;
			children = (
				143EE29E1C5FFFE300862A33 /* AnalisisViewController.h */,
				143EE29F1C5FFFE300862A33 /* AnalisisViewController.m */,
			);
			name = Analisis;
			sourceTree = "<group>";
		};
/* End PBXGroup section */

/* Begin PBXNativeTarget section */
		143EE2501C5FE65D00862A33 /* Spin */ = {
			isa = PBXNativeTarget;
			buildConfigurationList = 143EE2811C5FE65E00862A33 /* Build configuration list for PBXNativeTarget "Spin" */;
			buildPhases = (
				143EE24D1C5FE65D00862A33 /* Sources */,
				143EE24E1C5FE65D00862A33 /* Frameworks */,
				143EE24F1C5FE65D00862A33 /* Resources */,
			);
			buildRules = (
			);
			dependencies = (
			);
			name = Spin;
			productName = Spin;
			productReference = 143EE2511C5FE65D00862A33 /* Spin.app */;
			productType = "com.apple.product-type.application";
		};
		143EE26C1C5FE65E00862A33 /* SpinTests */ = {
			isa = PBXNativeTarget;
			buildConfigurationList = 143EE2841C5FE65E00862A33 /* Build configuration list for PBXNativeTarget "SpinTests" */;
			buildPhases = (
				143EE2691C5FE65E00862A33 /* Sources */,
				143EE26A1C5FE65E00862A33 /* Frameworks */,
				143EE26B1C5FE65E00862A33 /* Resources */,
			);
			buildRules = (
			);
			dependencies = (
				143EE26F1C5FE65E00862A33 /* PBXTargetDependency */,
			);
			name = SpinTests;
			productName = SpinTests;
			productReference = 143EE26D1C5FE65E00862A33 /* SpinTests.xctest */;
			productType = "com.apple.product-type.bundle.unit-test";
		};
		143EE2771C5FE65E00862A33 /* SpinUITests */ = {
			isa = PBXNativeTarget;
			buildConfigurationList = 143EE2871C5FE65E00862A33 /* Build configuration list for PBXNativeTarget "SpinUITests" */;
			buildPhases = (
				143EE2741C5FE65E00862A33 /* Sources */,
				143EE2751C5FE65E00862A33 /* Frameworks */,
				143EE2761C5FE65E00862A33 /* Resources */,
			);
			buildRules = (
			);
			dependencies = (
				143EE27A1C5FE65E00862A33 /* PBXTargetDependency */,
			);
			name = SpinUITests;
			productName = SpinUITests;
			productReference = 143EE2781C5FE65E00862A33 /* SpinUITests.xctest */;
			productType = "com.apple.product-type.bundle.ui-testing";
		};
/* End PBXNativeTarget section */

/* Begin PBXProject section */
		143EE2491C5FE65D00862A33 /* Project object */ = {
			isa = PBXProject;
			attributes = {
				LastUpgradeCheck = 0720;
				ORGANIZATIONNAME = "José Juan Mota Torres";
				TargetAttributes = {
					143EE2501C5FE65D00862A33 = {
						CreatedOnToolsVersion = 7.2;
					};
					143EE26C1C5FE65E00862A33 = {
						CreatedOnToolsVersion = 7.2;
						TestTargetID = 143EE2501C5FE65D00862A33;
					};
					143EE2771C5FE65E00862A33 = {
						CreatedOnToolsVersion = 7.2;
						TestTargetID = 143EE2501C5FE65D00862A33;
					};
				};
			};
			buildConfigurationList = 143EE24C1C5FE65D00862A33 /* Build configuration list for PBXProject "Spin" */;
			compatibilityVersion = "Xcode 3.2";
			developmentRegion = English;
			hasScannedForEncodings = 0;
			knownRegions = (
				en,
				Base,
			);
			mainGroup = 143EE2481C5FE65D00862A33;
			productRefGroup = 143EE2521C5FE65D00862A33 /* Products */;
			projectDirPath = "";
			projectRoot = "";
			targets = (
				143EE2501C5FE65D00862A33 /* Spin */,
				143EE26C1C5FE65E00862A33 /* SpinTests */,
				143EE2771C5FE65E00862A33 /* SpinUITests */,
			);
		};
/* End PBXProject section */

/* Begin PBXResourcesBuildPhase section */
		143EE24F1C5FE65D00862A33 /* Resources */ = {
			isa = PBXResourcesBuildPhase;
			buildActionMask = 2147483647;
			files = (
				143EE2671C5FE65D00862A33 /* LaunchScreen.storyboard in Resources */,
				143EE2641C5FE65D00862A33 /* Assets.xcassets in Resources */,
				143EE25F1C5FE65D00862A33 /* Main.storyboard in Resources */,
			);
			runOnlyForDeploymentPostprocessing = 0;
		};
		143EE26B1C5FE65E00862A33 /* Resources */ = {
			isa = PBXResourcesBuildPhase;
			buildActionMask = 2147483647;
			files = (
			);
			runOnlyForDeploymentPostprocessing = 0;
		};
		143EE2761C5FE65E00862A33 /* Resources */ = {
			isa = PBXResourcesBuildPhase;
			buildActionMask = 2147483647;
			files = (
			);
			runOnlyForDeploymentPostprocessing = 0;
		};
/* End PBXResourcesBuildPhase section */

/* Begin PBXSourcesBuildPhase section */
		143EE24D1C5FE65D00862A33 /* Sources */ = {
			isa = PBXSourcesBuildPhase;
			buildActionMask = 2147483647;
			files = (
				143EE25C1C5FE65D00862A33 /* ViewController.m in Sources */,
				143EE2591C5FE65D00862A33 /* AppDelegate.m in Sources */,
				143EE29B1C5FF65900862A33 /* DetailView.m in Sources */,
				143EE28C1C5FE9B500862A33 /* SWRevealViewController.m in Sources */,
				143EE2921C5FEF2A00862A33 /* MisPiscinasTVC.m in Sources */,
				143EE2981C5FF63B00862A33 /* ConceptosTVC.m in Sources */,
				143EE2561C5FE65D00862A33 /* main.m in Sources */,
				143EE2951C5FF04C00862A33 /* MenuTVC.m in Sources */,
				143EE2A01C5FFFE300862A33 /* AnalisisViewController.m in Sources */,
				143EE2621C5FE65D00862A33 /* Spin.xcdatamodeld in Sources */,
				1403F7361C61F4F5006E3D4F /* MisPiscinasVC.m in Sources */,
				143EE2A31C6000C900862A33 /* DondeComprarViewController.m in Sources */,
			);
			runOnlyForDeploymentPostprocessing = 0;
		};
		143EE2691C5FE65E00862A33 /* Sources */ = {
			isa = PBXSourcesBuildPhase;
			buildActionMask = 2147483647;
			files = (
				143EE2721C5FE65E00862A33 /* SpinTests.m in Sources */,
			);
			runOnlyForDeploymentPostprocessing = 0;
		};
		143EE2741C5FE65E00862A33 /* Sources */ = {
			isa = PBXSourcesBuildPhase;
			buildActionMask = 2147483647;
			files = (
				143EE27D1C5FE65E00862A33 /* SpinUITests.m in Sources */,
			);
			runOnlyForDeploymentPostprocessing = 0;
		};
/* End PBXSourcesBuildPhase section */

/* Begin PBXTargetDependency section */
		143EE26F1C5FE65E00862A33 /* PBXTargetDependency */ = {
			isa = PBXTargetDependency;
			target = 143EE2501C5FE65D00862A33 /* Spin */;
			targetProxy = 143EE26E1C5FE65E00862A33 /* PBXContainerItemProxy */;
		};
		143EE27A1C5FE65E00862A33 /* PBXTargetDependency */ = {
			isa = PBXTargetDependency;
			target = 143EE2501C5FE65D00862A33 /* Spin */;
			targetProxy = 143EE2791C5FE65E00862A33 /* PBXContainerItemProxy */;
		};
/* End PBXTargetDependency section */

/* Begin PBXVariantGroup section */
		143EE25D1C5FE65D00862A33 /* Main.storyboard */ = {
			isa = PBXVariantGroup;
			children = (
				143EE25E1C5FE65D00862A33 /* Base */,
			);
			name = Main.storyboard;
			sourceTree = "<group>";
		};
		143EE2651C5FE65D00862A33 /* LaunchScreen.storyboard */ = {
			isa = PBXVariantGroup;
			children = (
				143EE2661C5FE65D00862A33 /* Base */,
			);
			name = LaunchScreen.storyboard;
			sourceTree = "<group>";
		};
/* End PBXVariantGroup section */

/* Begin XCBuildConfiguration section */
		143EE27F1C5FE65E00862A33 /* Debug */ = {
			isa = XCBuildConfiguration;
			buildSettings = {
				ALWAYS_SEARCH_USER_PATHS = NO;
				CLANG_CXX_LANGUAGE_STANDARD = "gnu++0x";
				CLANG_CXX_LIBRARY = "libc++";
				CLANG_ENABLE_MODULES = YES;
				CLANG_ENABLE_OBJC_ARC = YES;
				CLANG_WARN_BOOL_CONVERSION = YES;
				CLANG_WARN_CONSTANT_CONVERSION = YES;
				CLANG_WARN_DIRECT_OBJC_ISA_USAGE = YES_ERROR;
				CLANG_WARN_EMPTY_BODY = YES;
				CLANG_WARN_ENUM_CONVERSION = YES;
				CLANG_WARN_INT_CONVERSION = YES;
				CLANG_WARN_OBJC_ROOT_CLASS = YES_ERROR;
				CLANG_WARN_UNREACHABLE_CODE = YES;
				CLANG_WARN__DUPLICATE_METHOD_MATCH = YES;
				"CODE_SIGN_IDENTITY[sdk=iphoneos*]" = "iPhone Developer";
				COPY_PHASE_STRIP = NO;
				DEBUG_INFORMATION_FORMAT = dwarf;
				ENABLE_STRICT_OBJC_MSGSEND = YES;
				ENABLE_TESTABILITY = YES;
				GCC_C_LANGUAGE_STANDARD = gnu99;
				GCC_DYNAMIC_NO_PIC = NO;
				GCC_NO_COMMON_BLOCKS = YES;
				GCC_OPTIMIZATION_LEVEL = 0;
				GCC_PREPROCESSOR_DEFINITIONS = (
					"DEBUG=1",
					"$(inherited)",
				);
				GCC_WARN_64_TO_32_BIT_CONVERSION = YES;
				GCC_WARN_ABOUT_RETURN_TYPE = YES_ERROR;
				GCC_WARN_UNDECLARED_SELECTOR = YES;
				GCC_WARN_UNINITIALIZED_AUTOS = YES_AGGRESSIVE;
				GCC_WARN_UNUSED_FUNCTION = YES;
				GCC_WARN_UNUSED_VARIABLE = YES;
				IPHONEOS_DEPLOYMENT_TARGET = 9.2;
				MTL_ENABLE_DEBUG_INFO = YES;
				ONLY_ACTIVE_ARCH = YES;
				SDKROOT = iphoneos;
			};
			name = Debug;
		};
		143EE2801C5FE65E00862A33 /* Release */ = {
			isa = XCBuildConfiguration;
			buildSettings = {
				ALWAYS_SEARCH_USER_PATHS = NO;
				CLANG_CXX_LANGUAGE_STANDARD = "gnu++0x";
				CLANG_CXX_LIBRARY = "libc++";
				CLANG_ENABLE_MODULES = YES;
				CLANG_ENABLE_OBJC_ARC = YES;
				CLANG_WARN_BOOL_CONVERSION = YES;
				CLANG_WARN_CONSTANT_CONVERSION = YES;
				CLANG_WARN_DIRECT_OBJC_ISA_USAGE = YES_ERROR;
				CLANG_WARN_EMPTY_BODY = YES;
				CLANG_WARN_ENUM_CONVERSION = YES;
				CLANG_WARN_INT_CONVERSION = YES;
				CLANG_WARN_OBJC_ROOT_CLASS = YES_ERROR;
				CLANG_WARN_UNREACHABLE_CODE = YES;
				CLANG_WARN__DUPLICATE_METHOD_MATCH = YES;
				"CODE_SIGN_IDENTITY[sdk=iphoneos*]" = "iPhone Developer";
				COPY_PHASE_STRIP = NO;
				DEBUG_INFORMATION_FORMAT = "dwarf-with-dsym";
				ENABLE_NS_ASSERTIONS = NO;
				ENABLE_STRICT_OBJC_MSGSEND = YES;
				GCC_C_LANGUAGE_STANDARD = gnu99;
				GCC_NO_COMMON_BLOCKS = YES;
				GCC_WARN_64_TO_32_BIT_CONVERSION = YES;
				GCC_WARN_ABOUT_RETURN_TYPE = YES_ERROR;
				GCC_WARN_UNDECLARED_SELECTOR = YES;
				GCC_WARN_UNINITIALIZED_AUTOS = YES_AGGRESSIVE;
				GCC_WARN_UNUSED_FUNCTION = YES;
				GCC_WARN_UNUSED_VARIABLE = YES;
				IPHONEOS_DEPLOYMENT_TARGET = 9.2;
				MTL_ENABLE_DEBUG_INFO = NO;
				SDKROOT = iphoneos;
				VALIDATE_PRODUCT = YES;
			};
			name = Release;
		};
		143EE2821C5FE65E00862A33 /* Debug */ = {
			isa = XCBuildConfiguration;
			buildSettings = {
				ASSETCATALOG_COMPILER_APPICON_NAME = AppIcon;
				INFOPLIST_FILE = Spin/Info.plist;
				IPHONEOS_DEPLOYMENT_TARGET = 9.2;
				LD_RUNPATH_SEARCH_PATHS = "$(inherited) @executable_path/Frameworks";
				PRODUCT_BUNDLE_IDENTIFIER = codemota.Spin;
				PRODUCT_NAME = "$(TARGET_NAME)";
			};
			name = Debug;
		};
		143EE2831C5FE65E00862A33 /* Release */ = {
			isa = XCBuildConfiguration;
			buildSettings = {
				ASSETCATALOG_COMPILER_APPICON_NAME = AppIcon;
				INFOPLIST_FILE = Spin/Info.plist;
				IPHONEOS_DEPLOYMENT_TARGET = 9.2;
				LD_RUNPATH_SEARCH_PATHS = "$(inherited) @executable_path/Frameworks";
				PRODUCT_BUNDLE_IDENTIFIER = codemota.Spin;
				PRODUCT_NAME = "$(TARGET_NAME)";
			};
			name = Release;
		};
		143EE2851C5FE65E00862A33 /* Debug */ = {
			isa = XCBuildConfiguration;
			buildSettings = {
				BUNDLE_LOADER = "$(TEST_HOST)";
				INFOPLIST_FILE = SpinTests/Info.plist;
				LD_RUNPATH_SEARCH_PATHS = "$(inherited) @executable_path/Frameworks @loader_path/Frameworks";
				PRODUCT_BUNDLE_IDENTIFIER = codemota.SpinTests;
				PRODUCT_NAME = "$(TARGET_NAME)";
				TEST_HOST = "$(BUILT_PRODUCTS_DIR)/Spin.app/Spin";
			};
			name = Debug;
		};
		143EE2861C5FE65E00862A33 /* Release */ = {
			isa = XCBuildConfiguration;
			buildSettings = {
				BUNDLE_LOADER = "$(TEST_HOST)";
				INFOPLIST_FILE = SpinTests/Info.plist;
				LD_RUNPATH_SEARCH_PATHS = "$(inherited) @executable_path/Frameworks @loader_path/Frameworks";
				PRODUCT_BUNDLE_IDENTIFIER = codemota.SpinTests;
				PRODUCT_NAME = "$(TARGET_NAME)";
				TEST_HOST = "$(BUILT_PRODUCTS_DIR)/Spin.app/Spin";
			};
			name = Release;
		};
		143EE2881C5FE65E00862A33 /* Debug */ = {
			isa = XCBuildConfiguration;
			buildSettings = {
				INFOPLIST_FILE = SpinUITests/Info.plist;
				LD_RUNPATH_SEARCH_PATHS = "$(inherited) @executable_path/Frameworks @loader_path/Frameworks";
				PRODUCT_BUNDLE_IDENTIFIER = codemota.SpinUITests;
				PRODUCT_NAME = "$(TARGET_NAME)";
				TEST_TARGET_NAME = Spin;
				USES_XCTRUNNER = YES;
			};
			name = Debug;
		};
		143EE2891C5FE65E00862A33 /* Release */ = {
			isa = XCBuildConfiguration;
			buildSettings = {
				INFOPLIST_FILE = SpinUITests/Info.plist;
				LD_RUNPATH_SEARCH_PATHS = "$(inherited) @executable_path/Frameworks @loader_path/Frameworks";
				PRODUCT_BUNDLE_IDENTIFIER = codemota.SpinUITests;
				PRODUCT_NAME = "$(TARGET_NAME)";
				TEST_TARGET_NAME = Spin;
				USES_XCTRUNNER = YES;
			};
			name = Release;
		};
/* End XCBuildConfiguration section */

/* Begin XCConfigurationList section */
		143EE24C1C5FE65D00862A33 /* Build configuration list for PBXProject "Spin" */ = {
			isa = XCConfigurationList;
			buildConfigurations = (
				143EE27F1C5FE65E00862A33 /* Debug */,
				143EE2801C5FE65E00862A33 /* Release */,
			);
			defaultConfigurationIsVisible = 0;
			defaultConfigurationName = Release;
		};
		143EE2811C5FE65E00862A33 /* Build configuration list for PBXNativeTarget "Spin" */ = {
			isa = XCConfigurationList;
			buildConfigurations = (
				143EE2821C5FE65E00862A33 /* Debug */,
				143EE2831C5FE65E00862A33 /* Release */,
			);
			defaultConfigurationIsVisible = 0;
			defaultConfigurationName = Release;
		};
		143EE2841C5FE65E00862A33 /* Build configuration list for PBXNativeTarget "SpinTests" */ = {
			isa = XCConfigurationList;
			buildConfigurations = (
				143EE2851C5FE65E00862A33 /* Debug */,
				143EE2861C5FE65E00862A33 /* Release */,
			);
			defaultConfigurationIsVisible = 0;
			defaultConfigurationName = Release;
		};
		143EE2871C5FE65E00862A33 /* Build configuration list for PBXNativeTarget "SpinUITests" */ = {
			isa = XCConfigurationList;
			buildConfigurations = (
				143EE2881C5FE65E00862A33 /* Debug */,
				143EE2891C5FE65E00862A33 /* Release */,
			);
			defaultConfigurationIsVisible = 0;
			defaultConfigurationName = Release;
		};
/* End XCConfigurationList section */

/* Begin XCVersionGroup section */
		143EE2601C5FE65D00862A33 /* Spin.xcdatamodeld */ = {
			isa = XCVersionGroup;
			children = (
				143EE2611C5FE65D00862A33 /* Spin.xcdatamodel */,
			);
			currentVersion = 143EE2611C5FE65D00862A33 /* Spin.xcdatamodel */;
			path = Spin.xcdatamodeld;
			sourceTree = "<group>";
			versionGroupType = wrapper.xcdatamodel;
		};
/* End XCVersionGroup section */
	};
	rootObject = 143EE2491C5FE65D00862A33 /* Project object */;
}
